
Microsoft Visual Studio Solution File, Format Version 10.00
# Visual Studio 2008
Project("{2150E333-8FDC-42A3-9474-1A3956D46DE8}") = "_build", "_build", "{3B69A80F-A846-4C58-8D80-A4ECCFAC8611}"
	ProjectSection(SolutionItems) = preProject
		..\build.bat = ..\build.bat
		..\EvolutionNet.build = ..\EvolutionNet.build
		EvolutionNet.snk = EvolutionNet.snk
	EndProjectSection
EndProject
Project("{FAE04EC0-301F-11D3-BF4B-00C04F79EFBC}") = "EvolutionNet.MVP.Business.2008", "mvp\EvolutionNet.MVP.Business\EvolutionNet.MVP.Business.2008.csproj", "{AFF813BE-A61E-4767-8F93-36C2EC062686}"
EndProject
Project("{FAE04EC0-301F-11D3-BF4B-00C04F79EFBC}") = "EvolutionNet.MVP.Core.2008", "mvp\EvolutionNet.MVP.Core\EvolutionNet.MVP.Core.2008.csproj", "{0D4CB1BC-082B-4B22-83C1-E17EF0A7887A}"
EndProject
Project("{FAE04EC0-301F-11D3-BF4B-00C04F79EFBC}") = "EvolutionNet.MVP.Data.Access.2008", "mvp\EvolutionNet.MVP.Data.Access\EvolutionNet.MVP.Data.Access.2008.csproj", "{6B79EFFD-2F2B-4397-A52F-4C97A0539012}"
EndProject
Project("{FAE04EC0-301F-11D3-BF4B-00C04F79EFBC}") = "EvolutionNet.MVP.Data.Definition.2008", "mvp\EvolutionNet.MVP.Data.Definition\EvolutionNet.MVP.Data.Definition.2008.csproj", "{92C61C68-B459-4791-92F2-8DA944BCF2D3}"
EndProject
Project("{FAE04EC0-301F-11D3-BF4B-00C04F79EFBC}") = "EvolutionNet.MVP.Presenter.2008", "mvp\EvolutionNet.MVP.Presenter\EvolutionNet.MVP.Presenter.2008.csproj", "{4BB45253-40AC-4BBE-9073-D1F05F22CF50}"
EndProject
Project("{FAE04EC0-301F-11D3-BF4B-00C04F79EFBC}") = "EvolutionNet.MVP.UI.Windows.2008", "mvp\EvolutionNet.MVP.UI.Windows\EvolutionNet.MVP.UI.Windows.2008.csproj", "{3B4A98E4-0CD4-46D6-AEB9-527C77B3A414}"
EndProject
Project("{FAE04EC0-301F-11D3-BF4B-00C04F79EFBC}") = "EvolutionNet.MVP.View.2008", "mvp\EvolutionNet.MVP.View\EvolutionNet.MVP.View.2008.csproj", "{DC2677C8-D967-4BFB-8082-805F19C9DA4E}"
EndProject
Project("{FAE04EC0-301F-11D3-BF4B-00C04F79EFBC}") = "EvolutionNet.Calendar.2008", "calendar\EvolutionNet.Calendar\EvolutionNet.Calendar.2008.csproj", "{30F4A47F-F9C2-4CB3-A5DA-71784897D319}"
EndProject
Project("{2150E333-8FDC-42A3-9474-1A3956D46DE8}") = "mvp", "mvp", "{38C6DEE8-2E6C-4FFC-A2D3-9B1026015B97}"
EndProject
Project("{2150E333-8FDC-42A3-9474-1A3956D46DE8}") = "calendar", "calendar", "{7EAC1F47-48FB-496D-B98E-B11524EC427D}"
EndProject
Project("{FAE04EC0-301F-11D3-BF4B-00C04F79EFBC}") = "EvolutionNet.MVP.UI.Web", "mvp\EvolutionNet.MVP.UI.Web\EvolutionNet.MVP.UI.Web.csproj", "{7D3664C3-1AAF-4F72-B28F-C34F5A9B5E6A}"
EndProject
Project("{FAE04EC0-301F-11D3-BF4B-00C04F79EFBC}") = "EvolutionNet.Util.2008", "util\EvolutionNet.Util\EvolutionNet.Util.2008.csproj", "{5EE60BA9-B870-4773-8F57-835AA00AAFD9}"
EndProject
Project("{2150E333-8FDC-42A3-9474-1A3956D46DE8}") = "util", "util", "{B1C4FDA8-BD9C-41F4-A167-A7F1DC64C20D}"
EndProject
Global
	GlobalSection(SolutionConfigurationPlatforms) = preSolution
		Debug|Any CPU = Debug|Any CPU
		Release|Any CPU = Release|Any CPU
	EndGlobalSection
	GlobalSection(ProjectConfigurationPlatforms) = postSolution
		{AFF813BE-A61E-4767-8F93-36C2EC062686}.Debug|Any CPU.ActiveCfg = Debug|Any CPU
		{AFF813BE-A61E-4767-8F93-36C2EC062686}.Debug|Any CPU.Build.0 = Debug|Any CPU
		{AFF813BE-A61E-4767-8F93-36C2EC062686}.Release|Any CPU.ActiveCfg = Release|Any CPU
		{AFF813BE-A61E-4767-8F93-36C2EC062686}.Release|Any CPU.Build.0 = Release|Any CPU
		{0D4CB1BC-082B-4B22-83C1-E17EF0A7887A}.Debug|Any CPU.ActiveCfg = Debug|Any CPU
		{0D4CB1BC-082B-4B22-83C1-E17EF0A7887A}.Debug|Any CPU.Build.0 = Debug|Any CPU
		{0D4CB1BC-082B-4B22-83C1-E17EF0A7887A}.Release|Any CPU.ActiveCfg = Release|Any CPU
		{0D4CB1BC-082B-4B22-83C1-E17EF0A7887A}.Release|Any CPU.Build.0 = Release|Any CPU
		{6B79EFFD-2F2B-4397-A52F-4C97A0539012}.Debug|Any CPU.ActiveCfg = Debug|Any CPU
		{6B79EFFD-2F2B-4397-A52F-4C97A0539012}.Debug|Any CPU.Build.0 = Debug|Any CPU
		{6B79EFFD-2F2B-4397-A52F-4C97A0539012}.Release|Any CPU.ActiveCfg = Release|Any CPU
		{6B79EFFD-2F2B-4397-A52F-4C97A0539012}.Release|Any CPU.Build.0 = Release|Any CPU
		{92C61C68-B459-4791-92F2-8DA944BCF2D3}.Debug|Any CPU.ActiveCfg = Debug|Any CPU
		{92C61C68-B459-4791-92F2-8DA944BCF2D3}.Debug|Any CPU.Build.0 = Debug|Any CPU
		{92C61C68-B459-4791-92F2-8DA944BCF2D3}.Release|Any CPU.ActiveCfg = Release|Any CPU
		{92C61C68-B459-4791-92F2-8DA944BCF2D3}.Release|Any CPU.Build.0 = Release|Any CPU
		{4BB45253-40AC-4BBE-9073-D1F05F22CF50}.Debug|Any CPU.ActiveCfg = Debug|Any CPU
		{4BB45253-40AC-4BBE-9073-D1F05F22CF50}.Debug|Any CPU.Build.0 = Debug|Any CPU
		{4BB45253-40AC-4BBE-9073-D1F05F22CF50}.Release|Any CPU.ActiveCfg = Release|Any CPU
		{4BB45253-40AC-4BBE-9073-D1F05F22CF50}.Release|Any CPU.Build.0 = Release|Any CPU
		{3B4A98E4-0CD4-46D6-AEB9-527C77B3A414}.Debug|Any CPU.ActiveCfg = Debug|Any CPU
		{3B4A98E4-0CD4-46D6-AEB9-527C77B3A414}.Debug|Any CPU.Build.0 = Debug|Any CPU
		{3B4A98E4-0CD4-46D6-AEB9-527C77B3A414}.Release|Any CPU.ActiveCfg = Release|Any CPU
		{3B4A98E4-0CD4-46D6-AEB9-527C77B3A414}.Release|Any CPU.Build.0 = Release|Any CPU
		{DC2677C8-D967-4BFB-8082-805F19C9DA4E}.Debug|Any CPU.ActiveCfg = Debug|Any CPU
		{DC2677C8-D967-4BFB-8082-805F19C9DA4E}.Debug|Any CPU.Build.0 = Debug|Any CPU
		{DC2677C8-D967-4BFB-8082-805F19C9DA4E}.Release|Any CPU.ActiveCfg = Release|Any CPU
		{DC2677C8-D967-4BFB-8082-805F19C9DA4E}.Release|Any CPU.Build.0 = Release|Any CPU
		{30F4A47F-F9C2-4CB3-A5DA-71784897D319}.Debug|Any CPU.ActiveCfg = Debug|Any CPU
		{30F4A47F-F9C2-4CB3-A5DA-71784897D319}.Debug|Any CPU.Build.0 = Debug|Any CPU
		{30F4A47F-F9C2-4CB3-A5DA-71784897D319}.Release|Any CPU.ActiveCfg = Release|Any CPU
		{30F4A47F-F9C2-4CB3-A5DA-71784897D319}.Release|Any CPU.Build.0 = Release|Any CPU
		{7D3664C3-1AAF-4F72-B28F-C34F5A9B5E6A}.Debug|Any CPU.ActiveCfg = Debug|Any CPU
		{7D3664C3-1AAF-4F72-B28F-C34F5A9B5E6A}.Debug|Any CPU.Build.0 = Debug|Any CPU
		{7D3664C3-1AAF-4F72-B28F-C34F5A9B5E6A}.Release|Any CPU.ActiveCfg = Release|Any CPU
		{7D3664C3-1AAF-4F72-B28F-C34F5A9B5E6A}.Release|Any CPU.Build.0 = Release|Any CPU
		{5EE60BA9-B870-4773-8F57-835AA00AAFD9}.Debug|Any CPU.ActiveCfg = Debug|Any CPU
		{5EE60BA9-B870-4773-8F57-835AA00AAFD9}.Debug|Any CPU.Build.0 = Debug|Any CPU
		{5EE60BA9-B870-4773-8F57-835AA00AAFD9}.Release|Any CPU.ActiveCfg = Release|Any CPU
		{5EE60BA9-B870-4773-8F57-835AA00AAFD9}.Release|Any CPU.Build.0 = Release|Any CPU
	EndGlobalSection
	GlobalSection(SolutionProperties) = preSolution
		HideSolutionNode = FALSE
	EndGlobalSection
	GlobalSection(NestedProjects) = preSolution
		{0D4CB1BC-082B-4B22-83C1-E17EF0A7887A} = {38C6DEE8-2E6C-4FFC-A2D3-9B1026015B97}
		{6B79EFFD-2F2B-4397-A52F-4C97A0539012} = {38C6DEE8-2E6C-4FFC-A2D3-9B1026015B97}
		{92C61C68-B459-4791-92F2-8DA944BCF2D3} = {38C6DEE8-2E6C-4FFC-A2D3-9B1026015B97}
		{4BB45253-40AC-4BBE-9073-D1F05F22CF50} = {38C6DEE8-2E6C-4FFC-A2D3-9B1026015B97}
		{3B4A98E4-0CD4-46D6-AEB9-527C77B3A414} = {38C6DEE8-2E6C-4FFC-A2D3-9B1026015B97}
		{DC2677C8-D967-4BFB-8082-805F19C9DA4E} = {38C6DEE8-2E6C-4FFC-A2D3-9B1026015B97}
		{AFF813BE-A61E-4767-8F93-36C2EC062686} = {38C6DEE8-2E6C-4FFC-A2D3-9B1026015B97}
		{7D3664C3-1AAF-4F72-B28F-C34F5A9B5E6A} = {38C6DEE8-2E6C-4FFC-A2D3-9B1026015B97}
		{30F4A47F-F9C2-4CB3-A5DA-71784897D319} = {7EAC1F47-48FB-496D-B98E-B11524EC427D}
		{5EE60BA9-B870-4773-8F57-835AA00AAFD9} = {B1C4FDA8-BD9C-41F4-A167-A7F1DC64C20D}
	EndGlobalSection
EndGlobal
